
Microsoft Visual Studio Solution File, Format Version 12.00
# Visual Studio Version 17
VisualStudioVersion = 17.0.32112.339
MinimumVisualStudioVersion = 10.0.40219.1
Project("{FAE04EC0-301F-11D3-BF4B-00C04F79EFBC}") = "LRUCache", "LRUCache\LRUCache.csproj", "{D081CE04-292A-4380-A7E8-38EDA96828DE}"
EndProject
Global
	GlobalSection(SolutionConfigurationPlatforms) = preSolution
		Debug|Any CPU = Debug|Any CPU
		Release|Any CPU = Release|Any CPU
	EndGlobalSection
	GlobalSection(ProjectConfigurationPlatforms) = postSolution
		{D081CE04-292A-4380-A7E8-38EDA96828DE}.Debug|Any CPU.ActiveCfg = Debug|Any CPU
		{D081CE04-292A-4380-A7E8-38EDA96828DE}.Debug|Any CPU.Build.0 = Debug|Any CPU
		{D081CE04-292A-4380-A7E8-38EDA96828DE}.Release|Any CPU.ActiveCfg = Release|Any CPU
		{D081CE04-292A-4380-A7E8-38EDA96828DE}.Release|Any CPU.Build.0 = Release|Any CPU
	EndGlobalSection
	GlobalSection(SolutionProperties) = preSolution
		HideSolutionNode = FALSE
	EndGlobalSection
	GlobalSection(ExtensibilityGlobals) = postSolution
		SolutionGuid = {20653B3C-6EA1-4F26-A9B0-3F882A1A4614}
	EndGlobalSection
EndGlobal
